
Microsoft Visual Studio Solution File, Format Version 12.00
# Visual Studio Version 16
VisualStudioVersion = 16.0.30804.86
MinimumVisualStudioVersion = 10.0.40219.1
Project("{FAE04EC0-301F-11D3-BF4B-00C04F79EFBC}") = "Bookshop", "Bookshop\Bookshop.csproj", "{CA907E51-0886-47FF-9DF2-A8EA8FC0943B}"
EndProject
Global
	GlobalSection(SolutionConfigurationPlatforms) = preSolution
		Debug|Any CPU = Debug|Any CPU
		Release|Any CPU = Release|Any CPU
	EndGlobalSection
	GlobalSection(ProjectConfigurationPlatforms) = postSolution
		{CA907E51-0886-47FF-9DF2-A8EA8FC0943B}.Debug|Any CPU.ActiveCfg = Debug|Any CPU
		{CA907E51-0886-47FF-9DF2-A8EA8FC0943B}.Debug|Any CPU.Build.0 = Debug|Any CPU
		{CA907E51-0886-47FF-9DF2-A8EA8FC0943B}.Release|Any CPU.ActiveCfg = Release|Any CPU
		{CA907E51-0886-47FF-9DF2-A8EA8FC0943B}.Release|Any CPU.Build.0 = Release|Any CPU
	EndGlobalSection
	GlobalSection(SolutionProperties) = preSolution
		HideSolutionNode = FALSE
	EndGlobalSection
	GlobalSection(ExtensibilityGlobals) = postSolution
		SolutionGuid = {E8271A2D-8A85-4C85-B22C-5283B95E16F1}
	EndGlobalSection
EndGlobal
